lockfileVersion: '9.0'

settings:
  autoInstallPeers: true
  excludeLinksFromLockfile: false

importers:

  .:
    dependencies:
      '@tanstack/table-core':
        specifier: 9.1.2
        version: 9.1.2

packages:

  '@tanstack/store@0.11.1':
    resolution: {integrity: sha512-mzTOBhypOuDJAy/D8n2MfUZ1HFkXnmSETviRyhqEC8LUE7/IZQExOTxMANj3KjTofYTkFNpBY67qaVrT41YccA==}

  '@tanstack/table-core@9.1.2':
    resolution: {integrity: sha512-ONpWQeass1sfg80CWF1NSwQ8r3GiqxA2lT/EdqIcrDEPZ0Z+0mM94eQoFYLPN0Kztzj8TQVb2+PrSZSItqA61g==}
    engines: {node: '>=20'}

snapshots:

  '@tanstack/store@0.11.1': {}

  '@tanstack/table-core@9.1.2':
    dependencies:
      '@tanstack/store': 0.11.1
