lockfileVersion: '9.0'

settings:
  autoInstallPeers: true
  excludeLinksFromLockfile: false

importers:

  .:
    dependencies:
      '@hono/node-server':
        specifier: 2.1.1
        version: 2.1.1(hono@4.13.3)
      hono:
        specifier: 4.13.3
        version: 4.13.3

packages:

  '@hono/node-server@2.1.1':
    resolution: {integrity: sha512-ELuehkj5VCBdgEw9zs+ivkKwyzzUCSQuE96YmiPvn1ECBoZCczbFXJLeEGMTYjphP6gydh4pHMqEYPVMYUVgQg==}
    engines: {node: '>=20'}
    peerDependencies:
      hono: ^4

  hono@4.13.3:
    resolution: {integrity: sha512-r8AO2mYHoLxSHkgafNeC/BXyb2vWRxD3jem4Ts+ptav8oTG5FIRifAjuJEmZI4bSvvc2ns0GxmIYiZnHqN3mMw==}
    engines: {node: '>=16.9.0'}

snapshots:

  '@hono/node-server@2.1.1(hono@4.13.3)':
    dependencies:
      hono: 4.13.3

  hono@4.13.3: {}
